{
  "name": "phaser-ce-es6-template",
  "version": "1.0.0",
  "lockfileVersion": 2,
  "requires": true,
  "packages": {
    "": {
      "name": "phaser-ce-es6-template",
      "version": "1.0.0",
      "license": "ISC",
      "dependencies": {
        "phaser-ce": "^2.16.1"
      }
    },
    "node_modules/phaser-ce": {
      "version": "2.19.2",
      "resolved": "https://registry.npmjs.org/phaser-ce/-/phaser-ce-2.19.2.tgz",
      "integrity": "sha512-r9xk9e8i+UmHDdgqf+LYpJ8JfbboQcj08nsBebSiTbN5iJGP27kAhiDuzS1ySISyYzMMtxGvlFq4g2ZMgKygoQ=="
    }
  },
  "dependencies": {
    "phaser-ce": {
      "version": "2.19.2",
      "resolved": "https://registry.npmjs.org/phaser-ce/-/phaser-ce-2.19.2.tgz",
      "integrity": "sha512-r9xk9e8i+UmHDdgqf+LYpJ8JfbboQcj08nsBebSiTbN5iJGP27kAhiDuzS1ySISyYzMMtxGvlFq4g2ZMgKygoQ=="
    }
  }
}
